PODS:
  - PushNotifications (3.0.4)
  - ReachabilitySwift (5.0.0)
  - Rhyme (1.0.0):
    - ReachabilitySwift
    - SwiftyStoreKit
  - SwiftyStoreKit (0.16.1)

DEPENDENCIES:
  - PushNotifications
  - Rhyme (from `../`)

SPEC REPOS:
  trunk:
    - PushNotifications
    - ReachabilitySwift
    - SwiftyStoreKit

EXTERNAL SOURCES:
  Rhyme:
    :path: "../"

SPEC CHECKSUMS:
  PushNotifications: 6e3d148e5e129af9d4a9279b288c934f9a7f9066
  ReachabilitySwift: 985039c6f7b23a1da463388634119492ff86c825
  Rhyme: a1fd2a25c705665c25d73132f4398b2c402deeb7
  SwiftyStoreKit: 6b9c08810269f030586dac1fae8e75871a82e84a

PODFILE CHECKSUM: 8359dcd74b79ba8af9baf895d86e3e72feae426f

COCOAPODS: 1.9.1
